{
  "name": "codam-web-greeter",
  "version": "0.0.1",
  "lockfileVersion": 3,
  "requires": true,
  "packages": {
    "": {
      "name": "codam-web-greeter",
      "version": "0.0.1",
      "license": "MIT",
      "devDependencies": {
        "nody-greeter-types": "^1.1.0",
        "typescript": "^5.2.2"
      }
    },
    "node_modules/nody-greeter-types": {
      "version": "1.1.0",
      "resolved": "https://registry.npmjs.org/nody-greeter-types/-/nody-greeter-types-1.1.0.tgz",
      "integrity": "sha512-PczPtUn0J0tqrgPWkrRvJdDBhtD8oA6hm4W1ktZ+4o9OLNvJPGzZ7TQBPRzMOfioMr88UPnx/JjiJmqI0b/EvQ==",
      "dev": true
    },
    "node_modules/typescript": {
      "version": "5.2.2",
      "resolved": "https://registry.npmjs.org/typescript/-/typescript-5.2.2.tgz",
      "integrity": "sha512-mI4WrpHsbCIcwT9cF4FZvr80QUeKvsUsUvKDoR+X/7XHQH98xYD8YHZg7ANtz2GtZt/CBq2QJ0thkGJMHfqc1w==",
      "dev": true,
      "bin": {
        "tsc": "bin/tsc",
        "tsserver": "bin/tsserver"
      },
      "engines": {
        "node": ">=14.17"
      }
    }
  }
}
